// !$*UTF8*$!
{
	archiveVersion = 1;
	classes = {
	};
	objectVersion = 60;
	objects = {

/* Begin PBXBuildFile section */
		942611BD2BB6516A00087981 /* GoogleService-Info.plist in Resources */ = {isa = PBXBuildFile; fileRef = 942611BC2BB6516A00087981 /* GoogleService-Info.plist */; };
		947D35772B8D888F0099151B /* RealityKitContent in Frameworks */ = {isa = PBXBuildFile; productRef = 947D35762B8D888F0099151B /* RealityKitContent */; };
		947D35792B8D888F0099151B /* Vision4ScienceVOSApp.swift in Sources */ = {isa = PBXBuildFile; fileRef = 947D35782B8D888F0099151B /* Vision4ScienceVOSApp.swift */; };
		947D357B2B8D888F0099151B /* LoginPage.swift in Sources */ = {isa = PBXBuildFile; fileRef = 947D357A2B8D888F0099151B /* LoginPage.swift */; };
		947D357D2B8D88910099151B /* Assets.xcassets in Resources */ = {isa = PBXBuildFile; fileRef = 947D357C2B8D88910099151B /* Assets.xcassets */; };
		947D35802B8D88910099151B /* Preview Assets.xcassets in Resources */ = {isa = PBXBuildFile; fileRef = 947D357F2B8D88910099151B /* Preview Assets.xcassets */; };
		94A5AAAE2BA6A9A900311E5A /* FirebaseAnalytics in Frameworks */ = {isa = PBXBuildFile; productRef = 94A5AAAD2BA6A9A900311E5A /* FirebaseAnalytics */; };
		94A5AAB02BA6A9A900311E5A /* FirebaseAnalyticsOnDeviceConversion in Frameworks */ = {isa = PBXBuildFile; productRef = 94A5AAAF2BA6A9A900311E5A /* FirebaseAnalyticsOnDeviceConversion */; };
		94A5AAB22BA6A9A900311E5A /* FirebaseAnalyticsSwift in Frameworks */ = {isa = PBXBuildFile; productRef = 94A5AAB12BA6A9A900311E5A /* FirebaseAnalyticsSwift */; };
		94A5AAB42BA6A9A900311E5A /* FirebaseAnalyticsWithoutAdIdSupport in Frameworks */ = {isa = PBXBuildFile; productRef = 94A5AAB32BA6A9A900311E5A /* FirebaseAnalyticsWithoutAdIdSupport */; };
		94A5AAB62BA6A9A900311E5A /* FirebaseAppCheck in Frameworks */ = {isa = PBXBuildFile; productRef = 94A5AAB52BA6A9A900311E5A /* FirebaseAppCheck */; };
		94A5AAB82BA6A9A900311E5A /* FirebaseAppDistribution-Beta in Frameworks */ = {isa = PBXBuildFile; productRef = 94A5AAB72BA6A9A900311E5A /* FirebaseAppDistribution-Beta */; };
		94A5AABA2BA6A9A900311E5A /* FirebaseAuth in Frameworks */ = {isa = PBXBuildFile; productRef = 94A5AAB92BA6A9A900311E5A /* FirebaseAuth */; };
		94A5AABC2BA6A9A900311E5A /* FirebaseAuthCombine-Community in Frameworks */ = {isa = PBXBuildFile; productRef = 94A5AABB2BA6A9A900311E5A /* FirebaseAuthCombine-Community */; };
		94A5AABE2BA6A9A900311E5A /* FirebaseCrashlytics in Frameworks */ = {isa = PBXBuildFile; productRef = 94A5AABD2BA6A9A900311E5A /* FirebaseCrashlytics */; };
		94A5AAC02BA6A9A900311E5A /* FirebaseDatabase in Frameworks */ = {isa = PBXBuildFile; productRef = 94A5AABF2BA6A9A900311E5A /* FirebaseDatabase */; };
		94A5AAC22BA6A9A900311E5A /* FirebaseDatabaseSwift in Frameworks */ = {isa = PBXBuildFile; productRef = 94A5AAC12BA6A9A900311E5A /* FirebaseDatabaseSwift */; };
		94A5AAC42BA6A9A900311E5A /* FirebaseDynamicLinks in Frameworks */ = {isa = PBXBuildFile; productRef = 94A5AAC32BA6A9A900311E5A /* FirebaseDynamicLinks */; };
		94A5AAC62BA6A9A900311E5A /* FirebaseFirestore in Frameworks */ = {isa = PBXBuildFile; productRef = 94A5AAC52BA6A9A900311E5A /* FirebaseFirestore */; };
		94A5AAC82BA6A9A900311E5A /* FirebaseFirestoreCombine-Community in Frameworks */ = {isa = PBXBuildFile; productRef = 94A5AAC72BA6A9A900311E5A /* FirebaseFirestoreCombine-Community */; };
		94A5AACA2BA6A9A900311E5A /* FirebaseFirestoreSwift in Frameworks */ = {isa = PBXBuildFile; productRef = 94A5AAC92BA6A9A900311E5A /* FirebaseFirestoreSwift */; };
		94A5AACC2BA6A9A900311E5A /* FirebaseFunctions in Frameworks */ = {isa = PBXBuildFile; productRef = 94A5AACB2BA6A9A900311E5A /* FirebaseFunctions */; };
		94A5AACE2BA6A9A900311E5A /* FirebaseFunctionsCombine-Community in Frameworks */ = {isa = PBXBuildFile; productRef = 94A5AACD2BA6A9A900311E5A /* FirebaseFunctionsCombine-Community */; };
		94A5AAD02BA6A9A900311E5A /* FirebaseInAppMessaging-Beta in Frameworks */ = {isa = PBXBuildFile; productRef = 94A5AACF2BA6A9A900311E5A /* FirebaseInAppMessaging-Beta */; };
		94A5AAD22BA6A9A900311E5A /* FirebaseInAppMessagingSwift-Beta in Frameworks */ = {isa = PBXBuildFile; productRef = 94A5AAD12BA6A9A900311E5A /* FirebaseInAppMessagingSwift-Beta */; };
		94A5AAD42BA6A9A900311E5A /* FirebaseInstallations in Frameworks */ = {isa = PBXBuildFile; productRef = 94A5AAD32BA6A9A900311E5A /* FirebaseInstallations */; };
		94A5AAD62BA6A9A900311E5A /* FirebaseMLModelDownloader in Frameworks */ = {isa = PBXBuildFile; productRef = 94A5AAD52BA6A9A900311E5A /* FirebaseMLModelDownloader */; };
		94A5AAD82BA6A9A900311E5A /* FirebaseMessaging in Frameworks */ = {isa = PBXBuildFile; productRef = 94A5AAD72BA6A9A900311E5A /* FirebaseMessaging */; };
		94A5AADA2BA6A9A900311E5A /* FirebasePerformance in Frameworks */ = {isa = PBXBuildFile; productRef = 94A5AAD92BA6A9A900311E5A /* FirebasePerformance */; };
		94A5AADC2BA6A9A900311E5A /* FirebaseRemoteConfig in Frameworks */ = {isa = PBXBuildFile; productRef = 94A5AADB2BA6A9A900311E5A /* FirebaseRemoteConfig */; };
		94A5AADE2BA6A9A900311E5A /* FirebaseRemoteConfigSwift in Frameworks */ = {isa = PBXBuildFile; productRef = 94A5AADD2BA6A9A900311E5A /* FirebaseRemoteConfigSwift */; };
		94A5AAE02BA6A9A900311E5A /* FirebaseStorage in Frameworks */ = {isa = PBXBuildFile; productRef = 94A5AADF2BA6A9A900311E5A /* FirebaseStorage */; };
		94A5AAE22BA6A9A900311E5A /* FirebaseStorageCombine-Community in Frameworks */ = {isa = PBXBuildFile; productRef = 94A5AAE12BA6A9A900311E5A /* FirebaseStorageCombine-Community */; };
		94A5AAE42BA6A9E200311E5A /* ProtocolDetailView.swift in Sources */ = {isa = PBXBuildFile; fileRef = 94A5AAE32BA6A9E200311E5A /* ProtocolDetailView.swift */; };
		94A5AAE62BA6AA4900311E5A /* ProtocolDetailViewModel.swift in Sources */ = {isa = PBXBuildFile; fileRef = 94A5AAE52BA6AA4900311E5A /* ProtocolDetailViewModel.swift */; };
		94A5AAE82BA6AA6C00311E5A /* SignupPage.swift in Sources */ = {isa = PBXBuildFile; fileRef = 94A5AAE72BA6AA6C00311E5A /* SignupPage.swift */; };
		94A5AAEA2BA6AAB700311E5A /* Protocol.swift in Sources */ = {isa = PBXBuildFile; fileRef = 94A5AAE92BA6AAB700311E5A /* Protocol.swift */; };
		94A5AAEC2BA6AACC00311E5A /* ProtocolListView.swift in Sources */ = {isa = PBXBuildFile; fileRef = 94A5AAEB2BA6AACC00311E5A /* ProtocolListView.swift */; };
		94A5AAEE2BA6AB2B00311E5A /* ProtocolInputView.swift in Sources */ = {isa = PBXBuildFile; fileRef = 94A5AAED2BA6AB2B00311E5A /* ProtocolInputView.swift */; };
/* End PBXBuildFile section */

/* Begin PBXFileReference section */
		942611BC2BB6516A00087981 /* GoogleService-Info.plist */ = {isa = PBXFileReference; fileEncoding = 4; lastKnownFileType = text.plist.xml; path = "GoogleService-Info.plist"; sourceTree = "<group>"; };
		947D35712B8D888F0099151B /* Vision4ScienceVOS.app */ = {isa = PBXFileReference; explicitFileType = wrapper.application; includeInIndex = 0; path = Vision4ScienceVOS.app; sourceTree = BUILT_PRODUCTS_DIR; };
		947D35752B8D888F0099151B /* RealityKitContent */ = {isa = PBXFileReference; lastKnownFileType = wrapper; path = RealityKitContent; sourceTree = "<group>"; };
		947D35782B8D888F0099151B /* Vision4ScienceVOSApp.swift */ = {isa = PBXFileReference; lastKnownFileType = sourcecode.swift; path = Vision4ScienceVOSApp.swift; sourceTree = "<group>"; };
		947D357A2B8D888F0099151B /* LoginPage.swift */ = {isa = PBXFileReference; lastKnownFileType = sourcecode.swift; path = LoginPage.swift; sourceTree = "<group>"; };
		947D357C2B8D88910099151B /* Assets.xcassets */ = {isa = PBXFileReference; lastKnownFileType = folder.assetcatalog; path = Assets.xcassets; sourceTree = "<group>"; };
		947D357F2B8D88910099151B /* Preview Assets.xcassets */ = {isa = PBXFileReference; lastKnownFileType = folder.assetcatalog; path = "Preview Assets.xcassets"; sourceTree = "<group>"; };
		947D35812B8D88910099151B /* Info.plist */ = {isa = PBXFileReference; lastKnownFileType = text.plist.xml; path = Info.plist; sourceTree = "<group>"; };
		94A5AAE32BA6A9E200311E5A /* ProtocolDetailView.swift */ = {isa = PBXFileReference; lastKnownFileType = sourcecode.swift; path = ProtocolDetailView.swift; sourceTree = "<group>"; };
		94A5AAE52BA6AA4900311E5A /* ProtocolDetailViewModel.swift */ = {isa = PBXFileReference; lastKnownFileType = sourcecode.swift; path = ProtocolDetailViewModel.swift; sourceTree = "<group>"; };
		94A5AAE72BA6AA6C00311E5A /* SignupPage.swift */ = {isa = PBXFileReference; lastKnownFileType = sourcecode.swift; path = SignupPage.swift; sourceTree = "<group>"; };
		94A5AAE92BA6AAB700311E5A /* Protocol.swift */ = {isa = PBXFileReference; lastKnownFileType = sourcecode.swift; path = Protocol.swift; sourceTree = "<group>"; };
		94A5AAEB2BA6AACC00311E5A /* ProtocolListView.swift */ = {isa = PBXFileReference; lastKnownFileType = sourcecode.swift; path = ProtocolListView.swift; sourceTree = "<group>"; };
		94A5AAED2BA6AB2B00311E5A /* ProtocolInputView.swift */ = {isa = PBXFileReference; lastKnownFileType = sourcecode.swift; path = ProtocolInputView.swift; sourceTree = "<group>"; };
/* End PBXFileReference section */

/* Begin PBXFrameworksBuildPhase section */
		947D356E2B8D888F0099151B /* Frameworks */ = {
			isa = PBXFrameworksBuildPhase;
			buildActionMask = 2147483647;
			files = (
				94A5AACC2BA6A9A900311E5A /* FirebaseFunctions in Frameworks */,
				94A5AAC22BA6A9A900311E5A /* FirebaseDatabaseSwift in Frameworks */,
				94A5AAD22BA6A9A900311E5A /* FirebaseInAppMessagingSwift-Beta in Frameworks */,
				94A5AAD82BA6A9A900311E5A /* FirebaseMessaging in Frameworks */,
				94A5AAB82BA6A9A900311E5A /* FirebaseAppDistribution-Beta in Frameworks */,
				94A5AABC2BA6A9A900311E5A /* FirebaseAuthCombine-Community in Frameworks */,
				94A5AAC82BA6A9A900311E5A /* FirebaseFirestoreCombine-Community in Frameworks */,
				94A5AAB22BA6A9A900311E5A /* FirebaseAnalyticsSwift in Frameworks */,
				94A5AAD62BA6A9A900311E5A /* FirebaseMLModelDownloader in Frameworks */,
				94A5AAB42BA6A9A900311E5A /* FirebaseAnalyticsWithoutAdIdSupport in Frameworks */,
				94A5AAAE2BA6A9A900311E5A /* FirebaseAnalytics in Frameworks */,
				94A5AACA2BA6A9A900311E5A /* FirebaseFirestoreSwift in Frameworks */,
				94A5AAB02BA6A9A900311E5A /* FirebaseAnalyticsOnDeviceConversion in Frameworks */,
				94A5AAB62BA6A9A900311E5A /* FirebaseAppCheck in Frameworks */,
				94A5AADA2BA6A9A900311E5A /* FirebasePerformance in Frameworks */,
				94A5AAD02BA6A9A900311E5A /* FirebaseInAppMessaging-Beta in Frameworks */,
				94A5AACE2BA6A9A900311E5A /* FirebaseFunctionsCombine-Community in Frameworks */,
				94A5AABE2BA6A9A900311E5A /* FirebaseCrashlytics in Frameworks */,
				94A5AAD42BA6A9A900311E5A /* FirebaseInstallations in Frameworks */,
				94A5AADC2BA6A9A900311E5A /* FirebaseRemoteConfig in Frameworks */,
				94A5AAE02BA6A9A900311E5A /* FirebaseStorage in Frameworks */,
				94A5AAC02BA6A9A900311E5A /* FirebaseDatabase in Frameworks */,
				94A5AAE22BA6A9A900311E5A /* FirebaseStorageCombine-Community in Frameworks */,
				947D35772B8D888F0099151B /* RealityKitContent in Frameworks */,
				94A5AABA2BA6A9A900311E5A /* FirebaseAuth in Frameworks */,
				94A5AAC42BA6A9A900311E5A /* FirebaseDynamicLinks in Frameworks */,
				94A5AAC62BA6A9A900311E5A /* FirebaseFirestore in Frameworks */,
				94A5AADE2BA6A9A900311E5A /* FirebaseRemoteConfigSwift in Frameworks */,
			);
			runOnlyForDeploymentPostprocessing = 0;
		};
/* End PBXFrameworksBuildPhase section */

/* Begin PBXGroup section */
		947D35682B8D888F0099151B = {
			isa = PBXGroup;
			children = (
				947D35732B8D888F0099151B /* Vision4ScienceVOS */,
				947D35742B8D888F0099151B /* Packages */,
				947D35722B8D888F0099151B /* Products */,
			);
			sourceTree = "<group>";
		};
		947D35722B8D888F0099151B /* Products */ = {
			isa = PBXGroup;
			children = (
				947D35712B8D888F0099151B /* Vision4ScienceVOS.app */,
			);
			name = Products;
			sourceTree = "<group>";
		};
		947D35732B8D888F0099151B /* Vision4ScienceVOS */ = {
			isa = PBXGroup;
			children = (
				947D35782B8D888F0099151B /* Vision4ScienceVOSApp.swift */,
				947D357A2B8D888F0099151B /* LoginPage.swift */,
				94A5AAEB2BA6AACC00311E5A /* ProtocolListView.swift */,
				94A5AAE32BA6A9E200311E5A /* ProtocolDetailView.swift */,
				94A5AAE52BA6AA4900311E5A /* ProtocolDetailViewModel.swift */,
				94A5AAE72BA6AA6C00311E5A /* SignupPage.swift */,
				94A5AAE92BA6AAB700311E5A /* Protocol.swift */,
				94A5AAED2BA6AB2B00311E5A /* ProtocolInputView.swift */,
				942611BC2BB6516A00087981 /* GoogleService-Info.plist */,
				947D357C2B8D88910099151B /* Assets.xcassets */,
				947D35812B8D88910099151B /* Info.plist */,
				947D357E2B8D88910099151B /* Preview Content */,
			);
			path = Vision4ScienceVOS;
			sourceTree = "<group>";
		};
		947D35742B8D888F0099151B /* Packages */ = {
			isa = PBXGroup;
			children = (
				947D35752B8D888F0099151B /* RealityKitContent */,
			);
			path = Packages;
			sourceTree = "<group>";
		};
		947D357E2B8D88910099151B /* Preview Content */ = {
			isa = PBXGroup;
			children = (
				947D357F2B8D88910099151B /* Preview Assets.xcassets */,
			);
			path = "Preview Content";
			sourceTree = "<group>";
		};
/* End PBXGroup section */

/* Begin PBXNativeTarget section */
		947D35702B8D888F0099151B /* Vision4ScienceVOS */ = {
			isa = PBXNativeTarget;
			buildConfigurationList = 947D35842B8D88910099151B /* Build configuration list for PBXNativeTarget "Vision4ScienceVOS" */;
			buildPhases = (
				947D356D2B8D888F0099151B /* Sources */,
				947D356E2B8D888F0099151B /* Frameworks */,
				947D356F2B8D888F0099151B /* Resources */,
			);
			buildRules = (
			);
			dependencies = (
			);
			name = Vision4ScienceVOS;
			packageProductDependencies = (
				947D35762B8D888F0099151B /* RealityKitContent */,
				94A5AAAD2BA6A9A900311E5A /* FirebaseAnalytics */,
				94A5AAAF2BA6A9A900311E5A /* FirebaseAnalyticsOnDeviceConversion */,
				94A5AAB12BA6A9A900311E5A /* FirebaseAnalyticsSwift */,
				94A5AAB32BA6A9A900311E5A /* FirebaseAnalyticsWithoutAdIdSupport */,
				94A5AAB52BA6A9A900311E5A /* FirebaseAppCheck */,
				94A5AAB72BA6A9A900311E5A /* FirebaseAppDistribution-Beta */,
				94A5AAB92BA6A9A900311E5A /* FirebaseAuth */,
				94A5AABB2BA6A9A900311E5A /* FirebaseAuthCombine-Community */,
				94A5AABD2BA6A9A900311E5A /* FirebaseCrashlytics */,
				94A5AABF2BA6A9A900311E5A /* FirebaseDatabase */,
				94A5AAC12BA6A9A900311E5A /* FirebaseDatabaseSwift */,
				94A5AAC32BA6A9A900311E5A /* FirebaseDynamicLinks */,
				94A5AAC52BA6A9A900311E5A /* FirebaseFirestore */,
				94A5AAC72BA6A9A900311E5A /* FirebaseFirestoreCombine-Community */,
				94A5AAC92BA6A9A900311E5A /* FirebaseFirestoreSwift */,
				94A5AACB2BA6A9A900311E5A /* FirebaseFunctions */,
				94A5AACD2BA6A9A900311E5A /* FirebaseFunctionsCombine-Community */,
				94A5AACF2BA6A9A900311E5A /* FirebaseInAppMessaging-Beta */,
				94A5AAD12BA6A9A900311E5A /* FirebaseInAppMessagingSwift-Beta */,
				94A5AAD32BA6A9A900311E5A /* FirebaseInstallations */,
				94A5AAD52BA6A9A900311E5A /* FirebaseMLModelDownloader */,
				94A5AAD72BA6A9A900311E5A /* FirebaseMessaging */,
				94A5AAD92BA6A9A900311E5A /* FirebasePerformance */,
				94A5AADB2BA6A9A900311E5A /* FirebaseRemoteConfig */,
				94A5AADD2BA6A9A900311E5A /* FirebaseRemoteConfigSwift */,
				94A5AADF2BA6A9A900311E5A /* FirebaseStorage */,
				94A5AAE12BA6A9A900311E5A /* FirebaseStorageCombine-Community */,
			);
			productName = Vision4ScienceVOS;
			productReference = 947D35712B8D888F0099151B /* Vision4ScienceVOS.app */;
			productType = "com.apple.product-type.application";
		};
/* End PBXNativeTarget section */

/* Begin PBXProject section */
		947D35692B8D888F0099151B /* Project object */ = {
			isa = PBXProject;
			attributes = {
				BuildIndependentTargetsInParallel = 1;
				LastSwiftUpdateCheck = 1520;
				LastUpgradeCheck = 1520;
				TargetAttributes = {
					947D35702B8D888F0099151B = {
						CreatedOnToolsVersion = 15.2;
					};
				};
			};
			buildConfigurationList = 947D356C2B8D888F0099151B /* Build configuration list for PBXProject "Vision4ScienceVOS" */;
			compatibilityVersion = "Xcode 15.0";
			developmentRegion = en;
			hasScannedForEncodings = 0;
			knownRegions = (
				en,
				Base,
			);
			mainGroup = 947D35682B8D888F0099151B;
			packageReferences = (
				94A5AAAC2BA6A91A00311E5A /* XCRemoteSwiftPackageReference "firebase-ios-sdk" */,
			);
			productRefGroup = 947D35722B8D888F0099151B /* Products */;
			projectDirPath = "";
			projectRoot = "";
			targets = (
				947D35702B8D888F0099151B /* Vision4ScienceVOS */,
			);
		};
/* End PBXProject section */

/* Begin PBXResourcesBuildPhase section */
		947D356F2B8D888F0099151B /* Resources */ = {
			isa = PBXResourcesBuildPhase;
			buildActionMask = 2147483647;
			files = (
				947D35802B8D88910099151B /* Preview Assets.xcassets in Resources */,
				947D357D2B8D88910099151B /* Assets.xcassets in Resources */,
				942611BD2BB6516A00087981 /* GoogleService-Info.plist in Resources */,
			);
			runOnlyForDeploymentPostprocessing = 0;
		};
/* End PBXResourcesBuildPhase section */

/* Begin PBXSourcesBuildPhase section */
		947D356D2B8D888F0099151B /* Sources */ = {
			isa = PBXSourcesBuildPhase;
			buildActionMask = 2147483647;
			files = (
				947D357B2B8D888F0099151B /* LoginPage.swift in Sources */,
				94A5AAEC2BA6AACC00311E5A /* ProtocolListView.swift in Sources */,
				94A5AAE62BA6AA4900311E5A /* ProtocolDetailViewModel.swift in Sources */,
				947D35792B8D888F0099151B /* Vision4ScienceVOSApp.swift in Sources */,
				94A5AAE42BA6A9E200311E5A /* ProtocolDetailView.swift in Sources */,
				94A5AAE82BA6AA6C00311E5A /* SignupPage.swift in Sources */,
				94A5AAEA2BA6AAB700311E5A /* Protocol.swift in Sources */,
				94A5AAEE2BA6AB2B00311E5A /* ProtocolInputView.swift in Sources */,
			);
			runOnlyForDeploymentPostprocessing = 0;
		};
/* End PBXSourcesBuildPhase section */

/* Begin XCBuildConfiguration section */
		947D35822B8D88910099151B /* Debug */ = {
			isa = XCBuildConfiguration;
			buildSettings = {
				ALWAYS_SEARCH_USER_PATHS = NO;
				ASSETCATALOG_COMPILER_GENERATE_SWIFT_ASSET_SYMBOL_EXTENSIONS = YES;
				CLANG_ANALYZER_NONNULL = YES;
				CLANG_ANALYZER_NUMBER_OBJECT_CONVERSION = YES_AGGRESSIVE;
				CLANG_CXX_LANGUAGE_STANDARD = "gnu++20";
				CLANG_ENABLE_MODULES = YES;
				CLANG_ENABLE_OBJC_ARC = YES;
				CLANG_ENABLE_OBJC_WEAK = YES;
				CLANG_WARN_BLOCK_CAPTURE_AUTORELEASING = YES;
				CLANG_WARN_BOOL_CONVERSION = YES;
				CLANG_WARN_COMMA = YES;
				CLANG_WARN_CONSTANT_CONVERSION = YES;
				CLANG_WARN_DEPRECATED_OBJC_IMPLEMENTATIONS = YES;
				CLANG_WARN_DIRECT_OBJC_ISA_USAGE = YES_ERROR;
				CLANG_WARN_DOCUMENTATION_COMMENTS = YES;
				CLANG_WARN_EMPTY_BODY = YES;
				CLANG_WARN_ENUM_CONVERSION = YES;
				CLANG_WARN_INFINITE_RECURSION = YES;
				CLANG_WARN_INT_CONVERSION = YES;
				CLANG_WARN_NON_LITERAL_NULL_CONVERSION = YES;
				CLANG_WARN_OBJC_IMPLICIT_RETAIN_SELF = YES;
				CLANG_WARN_OBJC_LITERAL_CONVERSION = YES;
				CLANG_WARN_OBJC_ROOT_CLASS = YES_ERROR;
				CLANG_WARN_QUOTED_INCLUDE_IN_FRAMEWORK_HEADER = YES;
				CLANG_WARN_RANGE_LOOP_ANALYSIS = YES;
				CLANG_WARN_STRICT_PROTOTYPES = YES;
				CLANG_WARN_SUSPICIOUS_MOVE = YES;
				CLANG_WARN_UNGUARDED_AVAILABILITY = YES_AGGRESSIVE;
				CLANG_WARN_UNREACHABLE_CODE = YES;
				CLANG_WARN__DUPLICATE_METHOD_MATCH = YES;
				COPY_PHASE_STRIP = NO;
				DEBUG_INFORMATION_FORMAT = dwarf;
				ENABLE_STRICT_OBJC_MSGSEND = YES;
				ENABLE_TESTABILITY = YES;
				ENABLE_USER_SCRIPT_SANDBOXING = YES;
				GCC_C_LANGUAGE_STANDARD = gnu17;
				GCC_DYNAMIC_NO_PIC = NO;
				GCC_NO_COMMON_BLOCKS = YES;
				GCC_OPTIMIZATION_LEVEL = 0;
				GCC_PREPROCESSOR_DEFINITIONS = (
					"DEBUG=1",
					"$(inherited)",
				);
				GCC_WARN_64_TO_32_BIT_CONVERSION = YES;
				GCC_WARN_ABOUT_RETURN_TYPE = YES_ERROR;
				GCC_WARN_UNDECLARED_SELECTOR = YES;
				GCC_WARN_UNINITIALIZED_AUTOS = YES_AGGRESSIVE;
				GCC_WARN_UNUSED_FUNCTION = YES;
				GCC_WARN_UNUSED_VARIABLE = YES;
				LOCALIZATION_PREFERS_STRING_CATALOGS = YES;
				MTL_ENABLE_DEBUG_INFO = INCLUDE_SOURCE;
				MTL_FAST_MATH = YES;
				ONLY_ACTIVE_ARCH = YES;
				SDKROOT = xros;
				SWIFT_ACTIVE_COMPILATION_CONDITIONS = "DEBUG $(inherited)";
				SWIFT_OPTIMIZATION_LEVEL = "-Onone";
				XROS_DEPLOYMENT_TARGET = 1.0;
			};
			name = Debug;
		};
		947D35832B8D88910099151B /* Release */ = {
			isa = XCBuildConfiguration;
			buildSettings = {
				ALWAYS_SEARCH_USER_PATHS = NO;
				ASSETCATALOG_COMPILER_GENERATE_SWIFT_ASSET_SYMBOL_EXTENSIONS = YES;
				CLANG_ANALYZER_NONNULL = YES;
				CLANG_ANALYZER_NUMBER_OBJECT_CONVERSION = YES_AGGRESSIVE;
				CLANG_CXX_LANGUAGE_STANDARD = "gnu++20";
				CLANG_ENABLE_MODULES = YES;
				CLANG_ENABLE_OBJC_ARC = YES;
				CLANG_ENABLE_OBJC_WEAK = YES;
				CLANG_WARN_BLOCK_CAPTURE_AUTORELEASING = YES;
				CLANG_WARN_BOOL_CONVERSION = YES;
				CLANG_WARN_COMMA = YES;
				CLANG_WARN_CONSTANT_CONVERSION = YES;
				CLANG_WARN_DEPRECATED_OBJC_IMPLEMENTATIONS = YES;
				CLANG_WARN_DIRECT_OBJC_ISA_USAGE = YES_ERROR;
				CLANG_WARN_DOCUMENTATION_COMMENTS = YES;
				CLANG_WARN_EMPTY_BODY = YES;
				CLANG_WARN_ENUM_CONVERSION = YES;
				CLANG_WARN_INFINITE_RECURSION = YES;
				CLANG_WARN_INT_CONVERSION = YES;
				CLANG_WARN_NON_LITERAL_NULL_CONVERSION = YES;
				CLANG_WARN_OBJC_IMPLICIT_RETAIN_SELF = YES;
				CLANG_WARN_OBJC_LITERAL_CONVERSION = YES;
				CLANG_WARN_OBJC_ROOT_CLASS = YES_ERROR;
				CLANG_WARN_QUOTED_INCLUDE_IN_FRAMEWORK_HEADER = YES;
				CLANG_WARN_RANGE_LOOP_ANALYSIS = YES;
				CLANG_WARN_STRICT_PROTOTYPES = YES;
				CLANG_WARN_SUSPICIOUS_MOVE = YES;
				CLANG_WARN_UNGUARDED_AVAILABILITY = YES_AGGRESSIVE;
				CLANG_WARN_UNREACHABLE_CODE = YES;
				CLANG_WARN__DUPLICATE_METHOD_MATCH = YES;
				COPY_PHASE_STRIP = NO;
				DEBUG_INFORMATION_FORMAT = "dwarf-with-dsym";
				ENABLE_NS_ASSERTIONS = NO;
				ENABLE_STRICT_OBJC_MSGSEND = YES;
				ENABLE_USER_SCRIPT_SANDBOXING = YES;
				GCC_C_LANGUAGE_STANDARD = gnu17;
				GCC_NO_COMMON_BLOCKS = YES;
				GCC_WARN_64_TO_32_BIT_CONVERSION = YES;
				GCC_WARN_ABOUT_RETURN_TYPE = YES_ERROR;
				GCC_WARN_UNDECLARED_SELECTOR = YES;
				GCC_WARN_UNINITIALIZED_AUTOS = YES_AGGRESSIVE;
				GCC_WARN_UNUSED_FUNCTION = YES;
				GCC_WARN_UNUSED_VARIABLE = YES;
				LOCALIZATION_PREFERS_STRING_CATALOGS = YES;
				MTL_ENABLE_DEBUG_INFO = NO;
				MTL_FAST_MATH = YES;
				SDKROOT = xros;
				SWIFT_COMPILATION_MODE = wholemodule;
				VALIDATE_PRODUCT = YES;
				XROS_DEPLOYMENT_TARGET = 1.0;
			};
			name = Release;
		};
		947D35852B8D88910099151B /* Debug */ = {
			isa = XCBuildConfiguration;
			buildSettings = {
				ASSETCATALOG_COMPILER_APPICON_NAME = AppIcon;
				ASSETCATALOG_COMPILER_GLOBAL_ACCENT_COLOR_NAME = AccentColor;
				CODE_SIGN_STYLE = Automatic;
				CURRENT_PROJECT_VERSION = 1;
				DEVELOPMENT_ASSET_PATHS = "\"Vision4ScienceVOS/Preview Content\"";
				DEVELOPMENT_TEAM = 57T7AXR8V3;
				ENABLE_PREVIEWS = YES;
				GENERATE_INFOPLIST_FILE = YES;
				INFOPLIST_FILE = "$(TARGET_NAME)/Info.plist";
				LD_RUNPATH_SEARCH_PATHS = (
					"$(inherited)",
					"@executable_path/Frameworks",
				);
				MARKETING_VERSION = 1.0;
				PRODUCT_BUNDLE_IDENTIFIER = SciSuite.Vision4ScienceVOS;
				PRODUCT_NAME = "$(TARGET_NAME)";
				SUPPORTED_PLATFORMS = "xros xrsimulator";
				SWIFT_EMIT_LOC_STRINGS = YES;
				SWIFT_VERSION = 5.0;
				TARGETED_DEVICE_FAMILY = "1,2,7";
				USER_HEADER_SEARCH_PATHS = (
					"\"${SRCROOT}/Pods/Firebase/CoreOnly/Sources\"",
					"\"${SRCROOT}/Pods/Firebase/CoreOnly/Sources\"",
					"\"${SRCROOT}/Pods/Firebase/CoreOnly/Sources\"",
					"\"${SRCROOT}/Pods/Firebase/CoreOnly/Sources\"",
					"\"${SRCROOT}/Pods/Firebase/CoreOnly/Sources\"",
					"\"${SRCROOT}/Pods/Firebase/CoreOnly/Sources\"",
				);
			};
			name = Debug;
		};
		947D35862B8D88910099151B /* Release */ = {
			isa = XCBuildConfiguration;
			buildSettings = {
				ASSETCATALOG_COMPILER_APPICON_NAME = AppIcon;
				ASSETCATALOG_COMPILER_GLOBAL_ACCENT_COLOR_NAME = AccentColor;
				CODE_SIGN_STYLE = Automatic;
				CURRENT_PROJECT_VERSION = 1;
				DEVELOPMENT_ASSET_PATHS = "\"Vision4ScienceVOS/Preview Content\"";
				DEVELOPMENT_TEAM = 57T7AXR8V3;
				ENABLE_PREVIEWS = YES;
				GENERATE_INFOPLIST_FILE = YES;
				INFOPLIST_FILE = "$(TARGET_NAME)/Info.plist";
				LD_RUNPATH_SEARCH_PATHS = (
					"$(inherited)",
					"@executable_path/Frameworks",
				);
				MARKETING_VERSION = 1.0;
				PRODUCT_BUNDLE_IDENTIFIER = SciSuite.Vision4ScienceVOS;
				PRODUCT_NAME = "$(TARGET_NAME)";
				SUPPORTED_PLATFORMS = "xros xrsimulator";
				SWIFT_EMIT_LOC_STRINGS = YES;
				SWIFT_VERSION = 5.0;
				TARGETED_DEVICE_FAMILY = "1,2,7";
				USER_HEADER_SEARCH_PATHS = (
					"\"${SRCROOT}/Pods/Firebase/CoreOnly/Sources\"",
					"\"${SRCROOT}/Pods/Firebase/CoreOnly/Sources\"",
					"\"${SRCROOT}/Pods/Firebase/CoreOnly/Sources\"",
					"\"${SRCROOT}/Pods/Firebase/CoreOnly/Sources\"",
					"\"${SRCROOT}/Pods/Firebase/CoreOnly/Sources\"",
					"\"${SRCROOT}/Pods/Firebase/CoreOnly/Sources\"",
				);
				"USER_HEADER_SEARCH_PATHS[arch=*]" = "\"${PODS_ROOT}/Firebase/CoreOnly/Sources\"";
			};
			name = Release;
		};
/* End XCBuildConfiguration section */

/* Begin XCConfigurationList section */
		947D356C2B8D888F0099151B /* Build configuration list for PBXProject "Vision4ScienceVOS" */ = {
			isa = XCConfigurationList;
			buildConfigurations = (
				947D35822B8D88910099151B /* Debug */,
				947D35832B8D88910099151B /* Release */,
			);
			defaultConfigurationIsVisible = 0;
			defaultConfigurationName = Release;
		};
		947D35842B8D88910099151B /* Build configuration list for PBXNativeTarget "Vision4ScienceVOS" */ = {
			isa = XCConfigurationList;
			buildConfigurations = (
				947D35852B8D88910099151B /* Debug */,
				947D35862B8D88910099151B /* Release */,
			);
			defaultConfigurationIsVisible = 0;
			defaultConfigurationName = Release;
		};
/* End XCConfigurationList section */

/* Begin XCRemoteSwiftPackageReference section */
		94A5AAAC2BA6A91A00311E5A /* XCRemoteSwiftPackageReference "firebase-ios-sdk" */ = {
			isa = XCRemoteSwiftPackageReference;
			repositoryURL = "https://github.com/firebase/firebase-ios-sdk.git";
			requirement = {
				kind = upToNextMajorVersion;
				minimumVersion = 10.22.1;
			};
		};
/* End XCRemoteSwiftPackageReference section */

/* Begin XCSwiftPackageProductDependency section */
		947D35762B8D888F0099151B /* RealityKitContent */ = {
			isa = XCSwiftPackageProductDependency;
			productName = RealityKitContent;
		};
		94A5AAAD2BA6A9A900311E5A /* FirebaseAnalytics */ = {
			isa = XCSwiftPackageProductDependency;
			package = 94A5AAAC2BA6A91A00311E5A /* XCRemoteSwiftPackageReference "firebase-ios-sdk" */;
			productName = FirebaseAnalytics;
		};
		94A5AAAF2BA6A9A900311E5A /* FirebaseAnalyticsOnDeviceConversion */ = {
			isa = XCSwiftPackageProductDependency;
			package = 94A5AAAC2BA6A91A00311E5A /* XCRemoteSwiftPackageReference "firebase-ios-sdk" */;
			productName = FirebaseAnalyticsOnDeviceConversion;
		};
		94A5AAB12BA6A9A900311E5A /* FirebaseAnalyticsSwift */ = {
			isa = XCSwiftPackageProductDependency;
			package = 94A5AAAC2BA6A91A00311E5A /* XCRemoteSwiftPackageReference "firebase-ios-sdk" */;
			productName = FirebaseAnalyticsSwift;
		};
		94A5AAB32BA6A9A900311E5A /* FirebaseAnalyticsWithoutAdIdSupport */ = {
			isa = XCSwiftPackageProductDependency;
			package = 94A5AAAC2BA6A91A00311E5A /* XCRemoteSwiftPackageReference "firebase-ios-sdk" */;
			productName = FirebaseAnalyticsWithoutAdIdSupport;
		};
		94A5AAB52BA6A9A900311E5A /* FirebaseAppCheck */ = {
			isa = XCSwiftPackageProductDependency;
			package = 94A5AAAC2BA6A91A00311E5A /* XCRemoteSwiftPackageReference "firebase-ios-sdk" */;
			productName = FirebaseAppCheck;
		};
		94A5AAB72BA6A9A900311E5A /* FirebaseAppDistribution-Beta */ = {
			isa = XCSwiftPackageProductDependency;
			package = 94A5AAAC2BA6A91A00311E5A /* XCRemoteSwiftPackageReference "firebase-ios-sdk" */;
			productName = "FirebaseAppDistribution-Beta";
		};
		94A5AAB92BA6A9A900311E5A /* FirebaseAuth */ = {
			isa = XCSwiftPackageProductDependency;
			package = 94A5AAAC2BA6A91A00311E5A /* XCRemoteSwiftPackageReference "firebase-ios-sdk" */;
			productName = FirebaseAuth;
		};
		94A5AABB2BA6A9A900311E5A /* FirebaseAuthCombine-Community */ = {
			isa = XCSwiftPackageProductDependency;
			package = 94A5AAAC2BA6A91A00311E5A /* XCRemoteSwiftPackageReference "firebase-ios-sdk" */;
			productName = "FirebaseAuthCombine-Community";
		};
		94A5AABD2BA6A9A900311E5A /* FirebaseCrashlytics */ = {
			isa = XCSwiftPackageProductDependency;
			package = 94A5AAAC2BA6A91A00311E5A /* XCRemoteSwiftPackageReference "firebase-ios-sdk" */;
			productName = FirebaseCrashlytics;
		};
		94A5AABF2BA6A9A900311E5A /* FirebaseDatabase */ = {
			isa = XCSwiftPackageProductDependency;
			package = 94A5AAAC2BA6A91A00311E5A /* XCRemoteSwiftPackageReference "firebase-ios-sdk" */;
			productName = FirebaseDatabase;
		};
		94A5AAC12BA6A9A900311E5A /* FirebaseDatabaseSwift */ = {
			isa = XCSwiftPackageProductDependency;
			package = 94A5AAAC2BA6A91A00311E5A /* XCRemoteSwiftPackageReference "firebase-ios-sdk" */;
			productName = FirebaseDatabaseSwift;
		};
		94A5AAC32BA6A9A900311E5A /* FirebaseDynamicLinks */ = {
			isa = XCSwiftPackageProductDependency;
			package = 94A5AAAC2BA6A91A00311E5A /* XCRemoteSwiftPackageReference "firebase-ios-sdk" */;
			productName = FirebaseDynamicLinks;
		};
		94A5AAC52BA6A9A900311E5A /* FirebaseFirestore */ = {
			isa = XCSwiftPackageProductDependency;
			package = 94A5AAAC2BA6A91A00311E5A /* XCRemoteSwiftPackageReference "firebase-ios-sdk" */;
			productName = FirebaseFirestore;
		};
		94A5AAC72BA6A9A900311E5A /* FirebaseFirestoreCombine-Community */ = {
			isa = XCSwiftPackageProductDependency;
			package = 94A5AAAC2BA6A91A00311E5A /* XCRemoteSwiftPackageReference "firebase-ios-sdk" */;
			productName = "FirebaseFirestoreCombine-Community";
		};
		94A5AAC92BA6A9A900311E5A /* FirebaseFirestoreSwift */ = {
			isa = XCSwiftPackageProductDependency;
			package = 94A5AAAC2BA6A91A00311E5A /* XCRemoteSwiftPackageReference "firebase-ios-sdk" */;
			productName = FirebaseFirestoreSwift;
		};
		94A5AACB2BA6A9A900311E5A /* FirebaseFunctions */ = {
			isa = XCSwiftPackageProductDependency;
			package = 94A5AAAC2BA6A91A00311E5A /* XCRemoteSwiftPackageReference "firebase-ios-sdk" */;
			productName = FirebaseFunctions;
		};
		94A5AACD2BA6A9A900311E5A /* FirebaseFunctionsCombine-Community */ = {
			isa = XCSwiftPackageProductDependency;
			package = 94A5AAAC2BA6A91A00311E5A /* XCRemoteSwiftPackageReference "firebase-ios-sdk" */;
			productName = "FirebaseFunctionsCombine-Community";
		};
		94A5AACF2BA6A9A900311E5A /* FirebaseInAppMessaging-Beta */ = {
			isa = XCSwiftPackageProductDependency;
			package = 94A5AAAC2BA6A91A00311E5A /* XCRemoteSwiftPackageReference "firebase-ios-sdk" */;
			productName = "FirebaseInAppMessaging-Beta";
		};
		94A5AAD12BA6A9A900311E5A /* FirebaseInAppMessagingSwift-Beta */ = {
			isa = XCSwiftPackageProductDependency;
			package = 94A5AAAC2BA6A91A00311E5A /* XCRemoteSwiftPackageReference "firebase-ios-sdk" */;
			productName = "FirebaseInAppMessagingSwift-Beta";
		};
		94A5AAD32BA6A9A900311E5A /* FirebaseInstallations */ = {
			isa = XCSwiftPackageProductDependency;
			package = 94A5AAAC2BA6A91A00311E5A /* XCRemoteSwiftPackageReference "firebase-ios-sdk" */;
			productName = FirebaseInstallations;
		};
		94A5AAD52BA6A9A900311E5A /* FirebaseMLModelDownloader */ = {
			isa = XCSwiftPackageProductDependency;
			package = 94A5AAAC2BA6A91A00311E5A /* XCRemoteSwiftPackageReference "firebase-ios-sdk" */;
			productName = FirebaseMLModelDownloader;
		};
		94A5AAD72BA6A9A900311E5A /* FirebaseMessaging */ = {
			isa = XCSwiftPackageProductDependency;
			package = 94A5AAAC2BA6A91A00311E5A /* XCRemoteSwiftPackageReference "firebase-ios-sdk" */;
			productName = FirebaseMessaging;
		};
		94A5AAD92BA6A9A900311E5A /* FirebasePerformance */ = {
			isa = XCSwiftPackageProductDependency;
			package = 94A5AAAC2BA6A91A00311E5A /* XCRemoteSwiftPackageReference "firebase-ios-sdk" */;
			productName = FirebasePerformance;
		};
		94A5AADB2BA6A9A900311E5A /* FirebaseRemoteConfig */ = {
			isa = XCSwiftPackageProductDependency;
			package = 94A5AAAC2BA6A91A00311E5A /* XCRemoteSwiftPackageReference "firebase-ios-sdk" */;
			productName = FirebaseRemoteConfig;
		};
		94A5AADD2BA6A9A900311E5A /* FirebaseRemoteConfigSwift */ = {
			isa = XCSwiftPackageProductDependency;
			package = 94A5AAAC2BA6A91A00311E5A /* XCRemoteSwiftPackageReference "firebase-ios-sdk" */;
			productName = FirebaseRemoteConfigSwift;
		};
		94A5AADF2BA6A9A900311E5A /* FirebaseStorage */ = {
			isa = XCSwiftPackageProductDependency;
			package = 94A5AAAC2BA6A91A00311E5A /* XCRemoteSwiftPackageReference "firebase-ios-sdk" */;
			productName = FirebaseStorage;
		};
		94A5AAE12BA6A9A900311E5A /* FirebaseStorageCombine-Community */ = {
			isa = XCSwiftPackageProductDependency;
			package = 94A5AAAC2BA6A91A00311E5A /* XCRemoteSwiftPackageReference "firebase-ios-sdk" */;
			productName = "FirebaseStorageCombine-Community";
		};
/* End XCSwiftPackageProductDependency section */
	};
	rootObject = 947D35692B8D888F0099151B /* Project object */;
}
